{
  "version": "5",
  "specifiers": {
    "jsr:@std/internal@^1.0.14": "1.0.14",
    "jsr:@std/path@1": "1.1.5",
    "npm:hono@^4.6.16": "4.12.28"
  },
  "jsr": {
    "@std/internal@1.0.14": {
      "integrity": "291516b3d4c35024d6ffbc0a9df5bf4c64116e05b50012cf846710152d2ffdf7"
    },
    "@std/path@1.1.5": {
      "integrity": "ccea00982ea28c36becaf6e62f855406c76a8c32d462f66f415bbb7d83a271bc",
      "dependencies": [
        "jsr:@std/internal"
      ]
    }
  },
  "npm": {
    "hono@4.12.28": {
      "integrity": "sha512-YwUvVpSF7m1yOblFPrU3Hbo8XhPheBoiyfGuII6z19LnOr6JpDnyyp7LFNrfV56wS8tpvtBFGRISHN02pDdLOA=="
    }
  },
  "workspace": {
    "dependencies": [
      "jsr:@std/path@1",
      "npm:hono@^4.6.16"
    ]
  }
}
